
Microsoft Visual Studio Solution File, Format Version 12.00
# Visual Studio Version 17
VisualStudioVersion = 17.9.34723.18
MinimumVisualStudioVersion = 10.0.40219.1
Project("{9A19103F-16F7-4668-BE54-9A1E7A4F7556}") = "eshop.Web", "eshop.Web\eshop.Web.csproj", "{BCC7CBE3-0F37-4FF5-86B2-F053A0B2E424}"
EndProject
Project("{9A19103F-16F7-4668-BE54-9A1E7A4F7556}") = "eshop.Entities", "eshop.Entities\eshop.Entities.csproj", "{DF5E04B6-445D-48D8-BE67-5E4CEEBCD589}"
EndProject
Project("{9A19103F-16F7-4668-BE54-9A1E7A4F7556}") = "eshop.Application", "eshop.Application\eshop.Application.csproj", "{5C58C125-71E0-4C77-A912-1E89076B71DE}"
EndProject
Project("{9A19103F-16F7-4668-BE54-9A1E7A4F7556}") = "eshop.Infrastructure", "eshop.Infrastructure\eshop.Infrastructure.csproj", "{FE081FE9-335B-452A-821E-7DF88F8F190D}"
EndProject
Project("{FAE04EC0-301F-11D3-BF4B-00C04F79EFBC}") = "eshop.API", "eshop.API\eshop.API.csproj", "{DD558BF3-9C8C-4AC0-9E08-FEE1B9D02F97}"
EndProject
Project("{FAE04EC0-301F-11D3-BF4B-00C04F79EFBC}") = "eshop.Extensions", "eshop.Extensions\eshop.Extensions.csproj", "{4CFAA788-42D4-4C00-BDFD-ED50D2018832}"
EndProject
Global
	GlobalSection(SolutionConfigurationPlatforms) = preSolution
		Debug|Any CPU = Debug|Any CPU
		Release|Any CPU = Release|Any CPU
	EndGlobalSection
	GlobalSection(ProjectConfigurationPlatforms) = postSolution
		{BCC7CBE3-0F37-4FF5-86B2-F053A0B2E424}.Debug|Any CPU.ActiveCfg = Debug|Any CPU
		{BCC7CBE3-0F37-4FF5-86B2-F053A0B2E424}.Debug|Any CPU.Build.0 = Debug|Any CPU
		{BCC7CBE3-0F37-4FF5-86B2-F053A0B2E424}.Release|Any CPU.ActiveCfg = Release|Any CPU
		{BCC7CBE3-0F37-4FF5-86B2-F053A0B2E424}.Release|Any CPU.Build.0 = Release|Any CPU
		{DF5E04B6-445D-48D8-BE67-5E4CEEBCD589}.Debug|Any CPU.ActiveCfg = Debug|Any CPU
		{DF5E04B6-445D-48D8-BE67-5E4CEEBCD589}.Debug|Any CPU.Build.0 = Debug|Any CPU
		{DF5E04B6-445D-48D8-BE67-5E4CEEBCD589}.Release|Any CPU.ActiveCfg = Release|Any CPU
		{DF5E04B6-445D-48D8-BE67-5E4CEEBCD589}.Release|Any CPU.Build.0 = Release|Any CPU
		{5C58C125-71E0-4C77-A912-1E89076B71DE}.Debug|Any CPU.ActiveCfg = Debug|Any CPU
		{5C58C125-71E0-4C77-A912-1E89076B71DE}.Debug|Any CPU.Build.0 = Debug|Any CPU
		{5C58C125-71E0-4C77-A912-1E89076B71DE}.Release|Any CPU.ActiveCfg = Release|Any CPU
		{5C58C125-71E0-4C77-A912-1E89076B71DE}.Release|Any CPU.Build.0 = Release|Any CPU
		{FE081FE9-335B-452A-821E-7DF88F8F190D}.Debug|Any CPU.ActiveCfg = Debug|Any CPU
		{FE081FE9-335B-452A-821E-7DF88F8F190D}.Debug|Any CPU.Build.0 = Debug|Any CPU
		{FE081FE9-335B-452A-821E-7DF88F8F190D}.Release|Any CPU.ActiveCfg = Release|Any CPU
		{FE081FE9-335B-452A-821E-7DF88F8F190D}.Release|Any CPU.Build.0 = Release|Any CPU
		{DD558BF3-9C8C-4AC0-9E08-FEE1B9D02F97}.Debug|Any CPU.ActiveCfg = Debug|Any CPU
		{DD558BF3-9C8C-4AC0-9E08-FEE1B9D02F97}.Debug|Any CPU.Build.0 = Debug|Any CPU
		{DD558BF3-9C8C-4AC0-9E08-FEE1B9D02F97}.Release|Any CPU.ActiveCfg = Release|Any CPU
		{DD558BF3-9C8C-4AC0-9E08-FEE1B9D02F97}.Release|Any CPU.Build.0 = Release|Any CPU
		{4CFAA788-42D4-4C00-BDFD-ED50D2018832}.Debug|Any CPU.ActiveCfg = Debug|Any CPU
		{4CFAA788-42D4-4C00-BDFD-ED50D2018832}.Debug|Any CPU.Build.0 = Debug|Any CPU
		{4CFAA788-42D4-4C00-BDFD-ED50D2018832}.Release|Any CPU.ActiveCfg = Release|Any CPU
		{4CFAA788-42D4-4C00-BDFD-ED50D2018832}.Release|Any CPU.Build.0 = Release|Any CPU
	EndGlobalSection
	GlobalSection(SolutionProperties) = preSolution
		HideSolutionNode = FALSE
	EndGlobalSection
	GlobalSection(ExtensibilityGlobals) = postSolution
		SolutionGuid = {BF7CD62B-9DD1-4D20-8260-63721695EBE7}
	EndGlobalSection
EndGlobal
